
Microsoft Visual Studio Solution File, Format Version 12.00
# Visual Studio Version 17
VisualStudioVersion = 17.5.33516.290
MinimumVisualStudioVersion = 10.0.40219.1
Project("{FAE04EC0-301F-11D3-BF4B-00C04F79EFBC}") = "3Методы сортировки", "3Методы сортировки\3Методы сортировки.csproj", "{88647270-3131-46FD-90A6-D822B90DDD06}"
EndProject
Global
	GlobalSection(SolutionConfigurationPlatforms) = preSolution
		Debug|Any CPU = Debug|Any CPU
		Release|Any CPU = Release|Any CPU
	EndGlobalSection
	GlobalSection(ProjectConfigurationPlatforms) = postSolution
		{88647270-3131-46FD-90A6-D822B90DDD06}.Debug|Any CPU.ActiveCfg = Debug|Any CPU
		{88647270-3131-46FD-90A6-D822B90DDD06}.Debug|Any CPU.Build.0 = Debug|Any CPU
		{88647270-3131-46FD-90A6-D822B90DDD06}.Release|Any CPU.ActiveCfg = Release|Any CPU
		{88647270-3131-46FD-90A6-D822B90DDD06}.Release|Any CPU.Build.0 = Release|Any CPU
	EndGlobalSection
	GlobalSection(SolutionProperties) = preSolution
		HideSolutionNode = FALSE
	EndGlobalSection
	GlobalSection(ExtensibilityGlobals) = postSolution
		SolutionGuid = {175D3A3A-08F9-47A0-B3BA-6C6BD8E40C61}
	EndGlobalSection
EndGlobal
