
Microsoft Visual Studio Solution File, Format Version 12.00
# Visual Studio Version 17
VisualStudioVersion = 17.5.33516.290
MinimumVisualStudioVersion = 10.0.40219.1
Project("{FAE04EC0-301F-11D3-BF4B-00C04F79EFBC}") = "6Работа с файлами", "6Работа с файлами\6Работа с файлами.csproj", "{B196A5C0-E285-406D-BEBB-F7A2CE78CCB0}"
EndProject
Global
	GlobalSection(SolutionConfigurationPlatforms) = preSolution
		Debug|Any CPU = Debug|Any CPU
		Release|Any CPU = Release|Any CPU
	EndGlobalSection
	GlobalSection(ProjectConfigurationPlatforms) = postSolution
		{B196A5C0-E285-406D-BEBB-F7A2CE78CCB0}.Debug|Any CPU.ActiveCfg = Debug|Any CPU
		{B196A5C0-E285-406D-BEBB-F7A2CE78CCB0}.Debug|Any CPU.Build.0 = Debug|Any CPU
		{B196A5C0-E285-406D-BEBB-F7A2CE78CCB0}.Release|Any CPU.ActiveCfg = Release|Any CPU
		{B196A5C0-E285-406D-BEBB-F7A2CE78CCB0}.Release|Any CPU.Build.0 = Release|Any CPU
	EndGlobalSection
	GlobalSection(SolutionProperties) = preSolution
		HideSolutionNode = FALSE
	EndGlobalSection
	GlobalSection(ExtensibilityGlobals) = postSolution
		SolutionGuid = {586701CC-4AF1-467D-881D-C60C99452D6F}
	EndGlobalSection
EndGlobal
