
Microsoft Visual Studio Solution File, Format Version 12.00
# Visual Studio Version 17
VisualStudioVersion = 17.5.33516.290
MinimumVisualStudioVersion = 10.0.40219.1
Project("{FAE04EC0-301F-11D3-BF4B-00C04F79EFBC}") = "8Структуры", "8Структуры\8Структуры.csproj", "{8CE431F8-2058-4685-9E0A-D0EE1360513B}"
EndProject
Global
	GlobalSection(SolutionConfigurationPlatforms) = preSolution
		Debug|Any CPU = Debug|Any CPU
		Release|Any CPU = Release|Any CPU
	EndGlobalSection
	GlobalSection(ProjectConfigurationPlatforms) = postSolution
		{8CE431F8-2058-4685-9E0A-D0EE1360513B}.Debug|Any CPU.ActiveCfg = Debug|Any CPU
		{8CE431F8-2058-4685-9E0A-D0EE1360513B}.Debug|Any CPU.Build.0 = Debug|Any CPU
		{8CE431F8-2058-4685-9E0A-D0EE1360513B}.Release|Any CPU.ActiveCfg = Release|Any CPU
		{8CE431F8-2058-4685-9E0A-D0EE1360513B}.Release|Any CPU.Build.0 = Release|Any CPU
	EndGlobalSection
	GlobalSection(SolutionProperties) = preSolution
		HideSolutionNode = FALSE
	EndGlobalSection
	GlobalSection(ExtensibilityGlobals) = postSolution
		SolutionGuid = {97B251FC-C3F2-460B-B1B6-82C6ED20C219}
	EndGlobalSection
EndGlobal
