
Microsoft Visual Studio Solution File, Format Version 12.00
# Visual Studio Version 17
VisualStudioVersion = 17.5.33516.290
MinimumVisualStudioVersion = 10.0.40219.1
Project("{FAE04EC0-301F-11D3-BF4B-00C04F79EFBC}") = "7Методы", "7Методы\7Методы.csproj", "{12A9C7A5-EAEB-48F5-A75F-D0553E79BCE7}"
EndProject
Global
	GlobalSection(SolutionConfigurationPlatforms) = preSolution
		Debug|Any CPU = Debug|Any CPU
		Release|Any CPU = Release|Any CPU
	EndGlobalSection
	GlobalSection(ProjectConfigurationPlatforms) = postSolution
		{12A9C7A5-EAEB-48F5-A75F-D0553E79BCE7}.Debug|Any CPU.ActiveCfg = Debug|Any CPU
		{12A9C7A5-EAEB-48F5-A75F-D0553E79BCE7}.Debug|Any CPU.Build.0 = Debug|Any CPU
		{12A9C7A5-EAEB-48F5-A75F-D0553E79BCE7}.Release|Any CPU.ActiveCfg = Release|Any CPU
		{12A9C7A5-EAEB-48F5-A75F-D0553E79BCE7}.Release|Any CPU.Build.0 = Release|Any CPU
	EndGlobalSection
	GlobalSection(SolutionProperties) = preSolution
		HideSolutionNode = FALSE
	EndGlobalSection
	GlobalSection(ExtensibilityGlobals) = postSolution
		SolutionGuid = {D8668FFB-E6CE-4336-9406-E66351EE36BD}
	EndGlobalSection
EndGlobal
